{
  "name": "qm-local-qm-deployment",
  "version": "0.0.0",
  "lockfileVersion": 3,
  "requires": true,
  "packages": {
    "": {
      "name": "qm-local-qm-deployment",
      "version": "0.0.0",
      "dependencies": {
        "@yc-software/qm": "0.1.14"
      },
      "engines": {
        "node": ">=24.0.0"
      }
    },
    "node_modules/@yc-software/qm": {
      "version": "0.1.14",
      "resolved": "https://registry.npmjs.org/@yc-software/qm/-/qm-0.1.14.tgz",
      "integrity": "sha512-Z4SWqU/YIcMvvcuBpI8x5PQgRYyuGVChTCyWkjR4/3zXlAxVjHrtNEHyCuoqSQwEE6GuWifKNU8eKhnwbGMxMQ==",
      "license": "MIT",
      "bin": {
        "qm": "dist/bin/qm.js"
      },
      "engines": {
        "node": ">=24.0.0"
      }
    }
  }
}
